
Microsoft Visual Studio Solution File, Format Version 12.00
# Visual Studio Version 17
VisualStudioVersion = 17.0.31903.59
MinimumVisualStudioVersion = 10.0.40219.1
Project("{2150E333-8FDC-42A3-9474-1A3956D46DE8}") = "PresentationLayer", "PresentationLayer", "{02EA681E-C7D8-13C7-8484-4AC65E1B71E8}"
EndProject
Project("{2150E333-8FDC-42A3-9474-1A3956D46DE8}") = "BusinessLayer", "BusinessLayer", "{D02C115F-E222-4235-882B-B3DECD0CAFBD}"
EndProject
Project("{2150E333-8FDC-42A3-9474-1A3956D46DE8}") = "DataAccessLayer", "DataAccessLayer", "{997FA3A8-E831-418F-BDD6-9958D4862A1E}"
EndProject
Project("{FAE04EC0-301F-11D3-BF4B-00C04F79EFBC}") = "UserManagement.DataAccess", "UserManagement.DataAccess\UserManagement.DataAccess.csproj", "{83A43FD0-B4AD-4184-B432-83B55CF78791}"
EndProject
Project("{FAE04EC0-301F-11D3-BF4B-00C04F79EFBC}") = "UserManager.API", "UserManager.API\UserManager.API.csproj", "{97A6A94A-8477-48D6-9CED-55F2E907893D}"
EndProject
Project("{FAE04EC0-301F-11D3-BF4B-00C04F79EFBC}") = "UserManagement.Web", "UserManagement.Web\UserManagement.Web.csproj", "{3C3CC7E4-7648-4188-804C-B4208D690C32}"
EndProject
Global
	GlobalSection(SolutionConfigurationPlatforms) = preSolution
		Debug|Any CPU = Debug|Any CPU
		Release|Any CPU = Release|Any CPU
	EndGlobalSection
	GlobalSection(ProjectConfigurationPlatforms) = postSolution
		{83A43FD0-B4AD-4184-B432-83B55CF78791}.Debug|Any CPU.ActiveCfg = Debug|Any CPU
		{83A43FD0-B4AD-4184-B432-83B55CF78791}.Debug|Any CPU.Build.0 = Debug|Any CPU
		{83A43FD0-B4AD-4184-B432-83B55CF78791}.Release|Any CPU.ActiveCfg = Release|Any CPU
		{83A43FD0-B4AD-4184-B432-83B55CF78791}.Release|Any CPU.Build.0 = Release|Any CPU
		{97A6A94A-8477-48D6-9CED-55F2E907893D}.Debug|Any CPU.ActiveCfg = Debug|Any CPU
		{97A6A94A-8477-48D6-9CED-55F2E907893D}.Debug|Any CPU.Build.0 = Debug|Any CPU
		{97A6A94A-8477-48D6-9CED-55F2E907893D}.Release|Any CPU.ActiveCfg = Release|Any CPU
		{97A6A94A-8477-48D6-9CED-55F2E907893D}.Release|Any CPU.Build.0 = Release|Any CPU
		{3C3CC7E4-7648-4188-804C-B4208D690C32}.Debug|Any CPU.ActiveCfg = Debug|Any CPU
		{3C3CC7E4-7648-4188-804C-B4208D690C32}.Debug|Any CPU.Build.0 = Debug|Any CPU
		{3C3CC7E4-7648-4188-804C-B4208D690C32}.Release|Any CPU.ActiveCfg = Release|Any CPU
		{3C3CC7E4-7648-4188-804C-B4208D690C32}.Release|Any CPU.Build.0 = Release|Any CPU
	EndGlobalSection
	GlobalSection(SolutionProperties) = preSolution
		HideSolutionNode = FALSE
	EndGlobalSection
	GlobalSection(NestedProjects) = preSolution
		{83A43FD0-B4AD-4184-B432-83B55CF78791} = {997FA3A8-E831-418F-BDD6-9958D4862A1E}
		{97A6A94A-8477-48D6-9CED-55F2E907893D} = {D02C115F-E222-4235-882B-B3DECD0CAFBD}
		{3C3CC7E4-7648-4188-804C-B4208D690C32} = {02EA681E-C7D8-13C7-8484-4AC65E1B71E8}
	EndGlobalSection
	GlobalSection(ExtensibilityGlobals) = postSolution
		SolutionGuid = {DA2B27DD-B360-4A37-8DFF-2CEDE228439A}
	EndGlobalSection
EndGlobal
